// !$*UTF8*$!
{
	archiveVersion = 1;
	classes = {
	};
	objectVersion = 77;
	objects = {

/* Begin PBXBuildFile section */
		6AFC2E132F0B5B73004CD5AA /* LLM in Frameworks */ = {isa = PBXBuildFile; productRef = 6AFC2E122F0B5B73004CD5AA /* LLM */; };
		6AMLX001F0B5B73004CD5AA /* MLX in Frameworks */ = {isa = PBXBuildFile; productRef = 6AMLX000F0B5B73004CD5AA /* MLX */; };
		6AMLX003F0B5B73004CD5AA /* MLXLLM in Frameworks */ = {isa = PBXBuildFile; productRef = 6AMLX002F0B5B73004CD5AA /* MLXLLM */; };
		6AMLX005F0B5B73004CD5AA /* MLXVLM in Frameworks */ = {isa = PBXBuildFile; productRef = 6AMLX004F0B5B73004CD5AA /* MLXVLM */; };
		6AMLX007F0B5B73004CD5AA /* MLXLMCommon in Frameworks */ = {isa = PBXBuildFile; productRef = 6AMLX006F0B5B73004CD5AA /* MLXLMCommon */; };
/* End PBXBuildFile section */

/* Begin PBXContainerItemProxy section */
		6A1A4E4B2F085D0400E51DBF /* PBXContainerItemProxy */ = {
			isa = PBXContainerItemProxy;
			containerPortal = 6A1A4E352F085D0200E51DBF /* Project object */;
			proxyType = 1;
			remoteGlobalIDString = 6A1A4E3C2F085D0200E51DBF;
			remoteInfo = AIGoodbye;
		};
		6A1A4E552F085D0400E51DBF /* PBXContainerItemProxy */ = {
			isa = PBXContainerItemProxy;
			containerPortal = 6A1A4E352F085D0200E51DBF /* Project object */;
			proxyType = 1;
			remoteGlobalIDString = 6A1A4E3C2F085D0200E51DBF;
			remoteInfo = AIGoodbye;
		};
/* End PBXContainerItemProxy section */

/* Begin PBXFileReference section */
		6A1A4E3D2F085D0200E51DBF /* AIGoodbye.app */ = {isa = PBXFileReference; explicitFileType = wrapper.application; includeInIndex = 0; path = AIGoodbye.app; sourceTree = BUILT_PRODUCTS_DIR; };
		6A1A4E4A2F085D0400E51DBF /* AIGoodbyeTests.xctest */ = {isa = PBXFileReference; explicitFileType = wrapper.cfbundle; includeInIndex = 0; path = AIGoodbyeTests.xctest; sourceTree = BUILT_PRODUCTS_DIR; };
		6A1A4E542F085D0400E51DBF /* AIGoodbyeUITests.xctest */ = {isa = PBXFileReference; explicitFileType = wrapper.cfbundle; includeInIndex = 0; path = AIGoodbyeUITests.xctest; sourceTree = BUILT_PRODUCTS_DIR; };
/* End PBXFileReference section */

/* Begin PBXFileSystemSynchronizedRootGroup section */
		6A1A4E3F2F085D0200E51DBF /* AIGoodbye */ = {
			isa = PBXFileSystemSynchronizedRootGroup;
			path = AIGoodbye;
			sourceTree = "<group>";
		};
		6A1A4E4D2F085D0400E51DBF /* AIGoodbyeTests */ = {
			isa = PBXFileSystemSynchronizedRootGroup;
			path = AIGoodbyeTests;
			sourceTree = "<group>";
		};
		6A1A4E572F085D0400E51DBF /* AIGoodbyeUITests */ = {
			isa = PBXFileSystemSynchronizedRootGroup;
			path = AIGoodbyeUITests;
			sourceTree = "<group>";
		};
/* End PBXFileSystemSynchronizedRootGroup section */

/* Begin PBXFrameworksBuildPhase section */
		6A1A4E3A2F085D0200E51DBF /* Frameworks */ = {
			isa = PBXFrameworksBuildPhase;
			buildActionMask = 2147483647;
			files = (
				6AFC2E132F0B5B73004CD5AA /* LLM in Frameworks */,
				6AMLX001F0B5B73004CD5AA /* MLX in Frameworks */,
				6AMLX003F0B5B73004CD5AA /* MLXLLM in Frameworks */,
				6AMLX005F0B5B73004CD5AA /* MLXVLM in Frameworks */,
				6AMLX007F0B5B73004CD5AA /* MLXLMCommon in Frameworks */,
			);
			runOnlyForDeploymentPostprocessing = 0;
		};
		6A1A4E472F085D0400E51DBF /* Frameworks */ = {
			isa = PBXFrameworksBuildPhase;
			buildActionMask = 2147483647;
			files = (
			);
			runOnlyForDeploymentPostprocessing = 0;
		};
		6A1A4E512F085D0400E51DBF /* Frameworks */ = {
			isa = PBXFrameworksBuildPhase;
			buildActionMask = 2147483647;
			files = (
			);
			runOnlyForDeploymentPostprocessing = 0;
		};
/* End PBXFrameworksBuildPhase section */

/* Begin PBXGroup section */
		6A1A4E342F085D0200E51DBF = {
			isa = PBXGroup;
			children = (
				6A1A4E3F2F085D0200E51DBF /* AIGoodbye */,
				6A1A4E4D2F085D0400E51DBF /* AIGoodbyeTests */,
				6A1A4E572F085D0400E51DBF /* AIGoodbyeUITests */,
				6AFC2E0D2F0B588F004CD5AA /* Frameworks */,
				6A1A4E3E2F085D0200E51DBF /* Products */,
			);
			sourceTree = "<group>";
		};
		6A1A4E3E2F085D0200E51DBF /* Products */ = {
			isa = PBXGroup;
			children = (
				6A1A4E3D2F085D0200E51DBF /* AIGoodbye.app */,
				6A1A4E4A2F085D0400E51DBF /* AIGoodbyeTests.xctest */,
				6A1A4E542F085D0400E51DBF /* AIGoodbyeUITests.xctest */,
			);
			name = Products;
			sourceTree = "<group>";
		};
		6AFC2E0D2F0B588F004CD5AA /* Frameworks */ = {
			isa = PBXGroup;
			children = (
			);
			name = Frameworks;
			sourceTree = "<group>";
		};
/* End PBXGroup section */

/* Begin PBXNativeTarget section */
		6A1A4E3C2F085D0200E51DBF /* AIGoodbye */ = {
			isa = PBXNativeTarget;
			buildConfigurationList = 6A1A4E5E2F085D0400E51DBF /* Build configuration list for PBXNativeTarget "AIGoodbye" */;
			buildPhases = (
				6A1A4E392F085D0200E51DBF /* Sources */,
				6A1A4E3A2F085D0200E51DBF /* Frameworks */,
				6A1A4E3B2F085D0200E51DBF /* Resources */,
			);
			buildRules = (
			);
			dependencies = (
			);
			fileSystemSynchronizedGroups = (
				6A1A4E3F2F085D0200E51DBF /* AIGoodbye */,
			);
			name = AIGoodbye;
			packageProductDependencies = (
				6AFC2E122F0B5B73004CD5AA /* LLM */,
				6AMLX000F0B5B73004CD5AA /* MLX */,
				6AMLX002F0B5B73004CD5AA /* MLXLLM */,
				6AMLX004F0B5B73004CD5AA /* MLXVLM */,
				6AMLX006F0B5B73004CD5AA /* MLXLMCommon */,
			);
			productName = AIGoodbye;
			productReference = 6A1A4E3D2F085D0200E51DBF /* AIGoodbye.app */;
			productType = "com.apple.product-type.application";
		};
		6A1A4E492F085D0400E51DBF /* AIGoodbyeTests */ = {
			isa = PBXNativeTarget;
			buildConfigurationList = 6A1A4E612F085D0400E51DBF /* Build configuration list for PBXNativeTarget "AIGoodbyeTests" */;
			buildPhases = (
				6A1A4E462F085D0400E51DBF /* Sources */,
				6A1A4E472F085D0400E51DBF /* Frameworks */,
				6A1A4E482F085D0400E51DBF /* Resources */,
			);
			buildRules = (
			);
			dependencies = (
				6A1A4E4C2F085D0400E51DBF /* PBXTargetDependency */,
			);
			fileSystemSynchronizedGroups = (
				6A1A4E4D2F085D0400E51DBF /* AIGoodbyeTests */,
			);
			name = AIGoodbyeTests;
			packageProductDependencies = (
			);
			productName = AIGoodbyeTests;
			productReference = 6A1A4E4A2F085D0400E51DBF /* AIGoodbyeTests.xctest */;
			productType = "com.apple.product-type.bundle.unit-test";
		};
		6A1A4E532F085D0400E51DBF /* AIGoodbyeUITests */ = {
			isa = PBXNativeTarget;
			buildConfigurationList = 6A1A4E642F085D0400E51DBF /* Build configuration list for PBXNativeTarget "AIGoodbyeUITests" */;
			buildPhases = (
				6A1A4E502F085D0400E51DBF /* Sources */,
				6A1A4E512F085D0400E51DBF /* Frameworks */,
				6A1A4E522F085D0400E51DBF /* Resources */,
			);
			buildRules = (
			);
			dependencies = (
				6A1A4E562F085D0400E51DBF /* PBXTargetDependency */,
			);
			fileSystemSynchronizedGroups = (
				6A1A4E572F085D0400E51DBF /* AIGoodbyeUITests */,
			);
			name = AIGoodbyeUITests;
			packageProductDependencies = (
			);
			productName = AIGoodbyeUITests;
			productReference = 6A1A4E542F085D0400E51DBF /* AIGoodbyeUITests.xctest */;
			productType = "com.apple.product-type.bundle.ui-testing";
		};
/* End PBXNativeTarget section */

/* Begin PBXProject section */
		6A1A4E352F085D0200E51DBF /* Project object */ = {
			isa = PBXProject;
			attributes = {
				BuildIndependentTargetsInParallel = 1;
				LastSwiftUpdateCheck = 2620;
				LastUpgradeCheck = 2620;
				TargetAttributes = {
					6A1A4E3C2F085D0200E51DBF = {
						CreatedOnToolsVersion = 26.2;
					};
					6A1A4E492F085D0400E51DBF = {
						CreatedOnToolsVersion = 26.2;
						TestTargetID = 6A1A4E3C2F085D0200E51DBF;
					};
					6A1A4E532F085D0400E51DBF = {
						CreatedOnToolsVersion = 26.2;
						TestTargetID = 6A1A4E3C2F085D0200E51DBF;
					};
				};
			};
			buildConfigurationList = 6A1A4E382F085D0200E51DBF /* Build configuration list for PBXProject "AIGoodbye" */;
			developmentRegion = en;
			hasScannedForEncodings = 0;
			knownRegions = (
				en,
				Base,
			);
			mainGroup = 6A1A4E342F085D0200E51DBF;
			minimizedProjectReferenceProxies = 1;
			packageReferences = (
				6AFC2E112F0B5B73004CD5AA /* XCRemoteSwiftPackageReference "LLM" */,
				6AMLX010F0B5B73004CD5AA /* XCRemoteSwiftPackageReference "mlx-swift" */,
				6AMLX020F0B5B73004CD5AA /* XCRemoteSwiftPackageReference "mlx-swift-lm" */,
			);
			preferredProjectObjectVersion = 77;
			productRefGroup = 6A1A4E3E2F085D0200E51DBF /* Products */;
			projectDirPath = "";
			projectRoot = "";
			targets = (
				6A1A4E3C2F085D0200E51DBF /* AIGoodbye */,
				6A1A4E492F085D0400E51DBF /* AIGoodbyeTests */,
				6A1A4E532F085D0400E51DBF /* AIGoodbyeUITests */,
			);
		};
/* End PBXProject section */

/* Begin PBXResourcesBuildPhase section */
		6A1A4E3B2F085D0200E51DBF /* Resources */ = {
			isa = PBXResourcesBuildPhase;
			buildActionMask = 2147483647;
			files = (
			);
			runOnlyForDeploymentPostprocessing = 0;
		};
		6A1A4E482F085D0400E51DBF /* Resources */ = {
			isa = PBXResourcesBuildPhase;
			buildActionMask = 2147483647;
			files = (
			);
			runOnlyForDeploymentPostprocessing = 0;
		};
		6A1A4E522F085D0400E51DBF /* Resources */ = {
			isa = PBXResourcesBuildPhase;
			buildActionMask = 2147483647;
			files = (
			);
			runOnlyForDeploymentPostprocessing = 0;
		};
/* End PBXResourcesBuildPhase section */

/* Begin PBXSourcesBuildPhase section */
		6A1A4E392F085D0200E51DBF /* Sources */ = {
			isa = PBXSourcesBuildPhase;
			buildActionMask = 2147483647;
			files = (
			);
			runOnlyForDeploymentPostprocessing = 0;
		};
		6A1A4E462F085D0400E51DBF /* Sources */ = {
			isa = PBXSourcesBuildPhase;
			buildActionMask = 2147483647;
			files = (
			);
			runOnlyForDeploymentPostprocessing = 0;
		};
		6A1A4E502F085D0400E51DBF /* Sources */ = {
			isa = PBXSourcesBuildPhase;
			buildActionMask = 2147483647;
			files = (
			);
			runOnlyForDeploymentPostprocessing = 0;
		};
/* End PBXSourcesBuildPhase section */

/* Begin PBXTargetDependency section */
		6A1A4E4C2F085D0400E51DBF /* PBXTargetDependency */ = {
			isa = PBXTargetDependency;
			target = 6A1A4E3C2F085D0200E51DBF /* AIGoodbye */;
			targetProxy = 6A1A4E4B2F085D0400E51DBF /* PBXContainerItemProxy */;
		};
		6A1A4E562F085D0400E51DBF /* PBXTargetDependency */ = {
			isa = PBXTargetDependency;
			target = 6A1A4E3C2F085D0200E51DBF /* AIGoodbye */;
			targetProxy = 6A1A4E552F085D0400E51DBF /* PBXContainerItemProxy */;
		};
/* End PBXTargetDependency section */

/* Begin XCBuildConfiguration section */
		6A1A4E5C2F085D0400E51DBF /* Debug */ = {
			isa = XCBuildConfiguration;
			buildSettings = {
				ALWAYS_SEARCH_USER_PATHS = NO;
				ASSETCATALOG_COMPILER_GENERATE_SWIFT_ASSET_SYMBOL_EXTENSIONS = YES;
				CLANG_ANALYZER_NONNULL = YES;
				CLANG_ANALYZER_NUMBER_OBJECT_CONVERSION = YES_AGGRESSIVE;
				CLANG_CXX_LANGUAGE_STANDARD = "gnu++20";
				CLANG_ENABLE_MODULES = YES;
				CLANG_ENABLE_OBJC_ARC = YES;
				CLANG_ENABLE_OBJC_WEAK = YES;
				CLANG_WARN_BLOCK_CAPTURE_AUTORELEASING = YES;
				CLANG_WARN_BOOL_CONVERSION = YES;
				CLANG_WARN_COMMA = YES;
				CLANG_WARN_CONSTANT_CONVERSION = YES;
				CLANG_WARN_DEPRECATED_OBJC_IMPLEMENTATIONS = YES;
				CLANG_WARN_DIRECT_OBJC_ISA_USAGE = YES_ERROR;
				CLANG_WARN_DOCUMENTATION_COMMENTS = YES;
				CLANG_WARN_EMPTY_BODY = YES;
				CLANG_WARN_ENUM_CONVERSION = YES;
				CLANG_WARN_INFINITE_RECURSION = YES;
				CLANG_WARN_INT_CONVERSION = YES;
				CLANG_WARN_NON_LITERAL_NULL_CONVERSION = YES;
				CLANG_WARN_OBJC_IMPLICIT_RETAIN_SELF = YES;
				CLANG_WARN_OBJC_LITERAL_CONVERSION = YES;
				CLANG_WARN_OBJC_ROOT_CLASS = YES_ERROR;
				CLANG_WARN_QUOTED_INCLUDE_IN_FRAMEWORK_HEADER = YES;
				CLANG_WARN_RANGE_LOOP_ANALYSIS = YES;
				CLANG_WARN_STRICT_PROTOTYPES = YES;
				CLANG_WARN_SUSPICIOUS_MOVE = YES;
				CLANG_WARN_UNGUARDED_AVAILABILITY = YES_AGGRESSIVE;
				CLANG_WARN_UNREACHABLE_CODE = YES;
				CLANG_WARN__DUPLICATE_METHOD_MATCH = YES;
				COPY_PHASE_STRIP = NO;
				DEBUG_INFORMATION_FORMAT = dwarf;
				DEVELOPMENT_TEAM = W7P6DN65A8;
				ENABLE_STRICT_OBJC_MSGSEND = YES;
				ENABLE_TESTABILITY = YES;
				ENABLE_USER_MACRO_TARGETS_FROM_PACKAGE_DEPENDENCIES = YES;
				ENABLE_USER_SCRIPT_SANDBOXING = YES;
				GCC_C_LANGUAGE_STANDARD = gnu17;
				GCC_DYNAMIC_NO_PIC = NO;
				GCC_NO_COMMON_BLOCKS = YES;
				GCC_OPTIMIZATION_LEVEL = 0;
				GCC_PREPROCESSOR_DEFINITIONS = (
					"DEBUG=1",
					"$(inherited)",
				);
				GCC_WARN_64_TO_32_BIT_CONVERSION = YES;
				GCC_WARN_ABOUT_RETURN_TYPE = YES_ERROR;
				GCC_WARN_UNDECLARED_SELECTOR = YES;
				GCC_WARN_UNINITIALIZED_AUTOS = YES_AGGRESSIVE;
				GCC_WARN_UNUSED_FUNCTION = YES;
				GCC_WARN_UNUSED_VARIABLE = YES;
				IPHONEOS_DEPLOYMENT_TARGET = 26.2;
				LOCALIZATION_PREFERS_STRING_CATALOGS = YES;
				MTL_ENABLE_DEBUG_INFO = INCLUDE_SOURCE;
				MTL_FAST_MATH = YES;
				ONLY_ACTIVE_ARCH = YES;
				SDKROOT = iphoneos;
				SWIFT_ACTIVE_COMPILATION_CONDITIONS = "DEBUG $(inherited)";
				SWIFT_OPTIMIZATION_LEVEL = "-Onone";
			};
			name = Debug;
		};
		6A1A4E5D2F085D0400E51DBF /* Release */ = {
			isa = XCBuildConfiguration;
			buildSettings = {
				ALWAYS_SEARCH_USER_PATHS = NO;
				ASSETCATALOG_COMPILER_GENERATE_SWIFT_ASSET_SYMBOL_EXTENSIONS = YES;
				CLANG_ANALYZER_NONNULL = YES;
				CLANG_ANALYZER_NUMBER_OBJECT_CONVERSION = YES_AGGRESSIVE;
				CLANG_CXX_LANGUAGE_STANDARD = "gnu++20";
				CLANG_ENABLE_MODULES = YES;
				CLANG_ENABLE_OBJC_ARC = YES;
				CLANG_ENABLE_OBJC_WEAK = YES;
				CLANG_WARN_BLOCK_CAPTURE_AUTORELEASING = YES;
				CLANG_WARN_BOOL_CONVERSION = YES;
				CLANG_WARN_COMMA = YES;
				CLANG_WARN_CONSTANT_CONVERSION = YES;
				CLANG_WARN_DEPRECATED_OBJC_IMPLEMENTATIONS = YES;
				CLANG_WARN_DIRECT_OBJC_ISA_USAGE = YES_ERROR;
				CLANG_WARN_DOCUMENTATION_COMMENTS = YES;
				CLANG_WARN_EMPTY_BODY = YES;
				CLANG_WARN_ENUM_CONVERSION = YES;
				CLANG_WARN_INFINITE_RECURSION = YES;
				CLANG_WARN_INT_CONVERSION = YES;
				CLANG_WARN_NON_LITERAL_NULL_CONVERSION = YES;
				CLANG_WARN_OBJC_IMPLICIT_RETAIN_SELF = YES;
				CLANG_WARN_OBJC_LITERAL_CONVERSION = YES;
				CLANG_WARN_OBJC_ROOT_CLASS = YES_ERROR;
				CLANG_WARN_QUOTED_INCLUDE_IN_FRAMEWORK_HEADER = YES;
				CLANG_WARN_RANGE_LOOP_ANALYSIS = YES;
				CLANG_WARN_STRICT_PROTOTYPES = YES;
				CLANG_WARN_SUSPICIOUS_MOVE = YES;
				CLANG_WARN_UNGUARDED_AVAILABILITY = YES_AGGRESSIVE;
				CLANG_WARN_UNREACHABLE_CODE = YES;
				CLANG_WARN__DUPLICATE_METHOD_MATCH = YES;
				COPY_PHASE_STRIP = NO;
				DEBUG_INFORMATION_FORMAT = "dwarf-with-dsym";
				DEVELOPMENT_TEAM = W7P6DN65A8;
				ENABLE_NS_ASSERTIONS = NO;
				ENABLE_STRICT_OBJC_MSGSEND = YES;
				ENABLE_USER_MACRO_TARGETS_FROM_PACKAGE_DEPENDENCIES = YES;
				ENABLE_USER_SCRIPT_SANDBOXING = YES;
				GCC_C_LANGUAGE_STANDARD = gnu17;
				GCC_NO_COMMON_BLOCKS = YES;
				GCC_WARN_64_TO_32_BIT_CONVERSION = YES;
				GCC_WARN_ABOUT_RETURN_TYPE = YES_ERROR;
				GCC_WARN_UNDECLARED_SELECTOR = YES;
				GCC_WARN_UNINITIALIZED_AUTOS = YES_AGGRESSIVE;
				GCC_WARN_UNUSED_FUNCTION = YES;
				GCC_WARN_UNUSED_VARIABLE = YES;
				IPHONEOS_DEPLOYMENT_TARGET = 26.2;
				LOCALIZATION_PREFERS_STRING_CATALOGS = YES;
				MTL_ENABLE_DEBUG_INFO = NO;
				MTL_FAST_MATH = YES;
				SDKROOT = iphoneos;
				SWIFT_COMPILATION_MODE = wholemodule;
				VALIDATE_PRODUCT = YES;
			};
			name = Release;
		};
		6A1A4E5F2F085D0400E51DBF /* Debug */ = {
			isa = XCBuildConfiguration;
			buildSettings = {
				ASSETCATALOG_COMPILER_APPICON_NAME = AppIcon;
				ASSETCATALOG_COMPILER_GLOBAL_ACCENT_COLOR_NAME = AccentColor;
				ASSETCATALOG_COMPILER_INCLUDE_ALL_APPICON_ASSETS = NO;
				CODE_SIGN_STYLE = Automatic;
				CURRENT_PROJECT_VERSION = 5;
				DEVELOPMENT_TEAM = W7P6DN65A8;
				ENABLE_PREVIEWS = YES;
				GENERATE_INFOPLIST_FILE = YES;
				INFOPLIST_KEY_LSApplicationCategoryType = "public.app-category.utilities";
				INFOPLIST_KEY_NSCameraUsageDescription = "AIGoodbye uses the camera to take photos for image analysis";
				INFOPLIST_KEY_NSPhotoLibraryUsageDescription = "AIGoodbye uses your photo library to select images for analysis";
				INFOPLIST_KEY_UIApplicationSceneManifest_Generation = YES;
				INFOPLIST_KEY_UIApplicationSupportsIndirectInputEvents = YES;
				INFOPLIST_KEY_UILaunchScreen_Generation = YES;
				INFOPLIST_KEY_UISupportedInterfaceOrientations = UIInterfaceOrientationPortrait;
				IPHONEOS_DEPLOYMENT_TARGET = 26.0;
				LD_RUNPATH_SEARCH_PATHS = (
					"$(inherited)",
					"@executable_path/Frameworks",
				);
				MARKETING_VERSION = 2.0.4;
				PRODUCT_BUNDLE_IDENTIFIER = com.aigoodbye.AIGoodbye;
				PRODUCT_NAME = "$(TARGET_NAME)";
				STRING_CATALOG_GENERATE_SYMBOLS = YES;
				SWIFT_APPROACHABLE_CONCURRENCY = YES;
				SWIFT_DEFAULT_ACTOR_ISOLATION = MainActor;
				SWIFT_EMIT_LOC_STRINGS = YES;
				SWIFT_UPCOMING_FEATURE_MEMBER_IMPORT_VISIBILITY = YES;
				SWIFT_VERSION = 5.0;
				TARGETED_DEVICE_FAMILY = "1,2";
			};
			name = Debug;
		};
		6A1A4E602F085D0400E51DBF /* Release */ = {
			isa = XCBuildConfiguration;
			buildSettings = {
				ASSETCATALOG_COMPILER_APPICON_NAME = AppIcon;
				ASSETCATALOG_COMPILER_GLOBAL_ACCENT_COLOR_NAME = AccentColor;
				ASSETCATALOG_COMPILER_INCLUDE_ALL_APPICON_ASSETS = NO;
				CODE_SIGN_STYLE = Automatic;
				CURRENT_PROJECT_VERSION = 5;
				DEVELOPMENT_TEAM = W7P6DN65A8;
				ENABLE_PREVIEWS = YES;
				GENERATE_INFOPLIST_FILE = YES;
				INFOPLIST_KEY_LSApplicationCategoryType = "public.app-category.utilities";
				INFOPLIST_KEY_NSCameraUsageDescription = "AIGoodbye uses the camera to take photos for image analysis";
				INFOPLIST_KEY_NSPhotoLibraryUsageDescription = "AIGoodbye uses your photo library to select images for analysis";
				INFOPLIST_KEY_UIApplicationSceneManifest_Generation = YES;
				INFOPLIST_KEY_UIApplicationSupportsIndirectInputEvents = YES;
				INFOPLIST_KEY_UILaunchScreen_Generation = YES;
				INFOPLIST_KEY_UISupportedInterfaceOrientations = UIInterfaceOrientationPortrait;
				IPHONEOS_DEPLOYMENT_TARGET = 26.0;
				LD_RUNPATH_SEARCH_PATHS = (
					"$(inherited)",
					"@executable_path/Frameworks",
				);
				MARKETING_VERSION = 2.0.4;
				PRODUCT_BUNDLE_IDENTIFIER = com.aigoodbye.AIGoodbye;
				PRODUCT_NAME = "$(TARGET_NAME)";
				STRING_CATALOG_GENERATE_SYMBOLS = YES;
				SWIFT_APPROACHABLE_CONCURRENCY = YES;
				SWIFT_DEFAULT_ACTOR_ISOLATION = MainActor;
				SWIFT_EMIT_LOC_STRINGS = YES;
				SWIFT_UPCOMING_FEATURE_MEMBER_IMPORT_VISIBILITY = YES;
				SWIFT_VERSION = 5.0;
				TARGETED_DEVICE_FAMILY = "1,2";
			};
			name = Release;
		};
		6A1A4E622F085D0400E51DBF /* Debug */ = {
			isa = XCBuildConfiguration;
			buildSettings = {
				BUNDLE_LOADER = "$(TEST_HOST)";
				CODE_SIGN_STYLE = Automatic;
				CURRENT_PROJECT_VERSION = 4;
				DEVELOPMENT_TEAM = W7P6DN65A8;
				GENERATE_INFOPLIST_FILE = YES;
				IPHONEOS_DEPLOYMENT_TARGET = 26.2;
				MARKETING_VERSION = 2.0.0;
				PRODUCT_BUNDLE_IDENTIFIER = com.aigoodbye.AIGoodbyeTests;
				PRODUCT_NAME = "$(TARGET_NAME)";
				STRING_CATALOG_GENERATE_SYMBOLS = NO;
				SWIFT_APPROACHABLE_CONCURRENCY = YES;
				SWIFT_EMIT_LOC_STRINGS = NO;
				SWIFT_UPCOMING_FEATURE_MEMBER_IMPORT_VISIBILITY = YES;
				SWIFT_VERSION = 5.0;
				TARGETED_DEVICE_FAMILY = "1,2";
				TEST_HOST = "$(BUILT_PRODUCTS_DIR)/AIGoodbye.app/$(BUNDLE_EXECUTABLE_FOLDER_PATH)/AIGoodbye";
			};
			name = Debug;
		};
		6A1A4E632F085D0400E51DBF /* Release */ = {
			isa = XCBuildConfiguration;
			buildSettings = {
				BUNDLE_LOADER = "$(TEST_HOST)";
				CODE_SIGN_STYLE = Automatic;
				CURRENT_PROJECT_VERSION = 4;
				DEVELOPMENT_TEAM = W7P6DN65A8;
				GENERATE_INFOPLIST_FILE = YES;
				IPHONEOS_DEPLOYMENT_TARGET = 26.2;
				MARKETING_VERSION = 2.0.0;
				PRODUCT_BUNDLE_IDENTIFIER = com.aigoodbye.AIGoodbyeTests;
				PRODUCT_NAME = "$(TARGET_NAME)";
				STRING_CATALOG_GENERATE_SYMBOLS = NO;
				SWIFT_APPROACHABLE_CONCURRENCY = YES;
				SWIFT_EMIT_LOC_STRINGS = NO;
				SWIFT_UPCOMING_FEATURE_MEMBER_IMPORT_VISIBILITY = YES;
				SWIFT_VERSION = 5.0;
				TARGETED_DEVICE_FAMILY = "1,2";
				TEST_HOST = "$(BUILT_PRODUCTS_DIR)/AIGoodbye.app/$(BUNDLE_EXECUTABLE_FOLDER_PATH)/AIGoodbye";
			};
			name = Release;
		};
		6A1A4E652F085D0400E51DBF /* Debug */ = {
			isa = XCBuildConfiguration;
			buildSettings = {
				CODE_SIGN_STYLE = Automatic;
				CURRENT_PROJECT_VERSION = 4;
				DEVELOPMENT_TEAM = W7P6DN65A8;
				GENERATE_INFOPLIST_FILE = YES;
				MARKETING_VERSION = 2.0.0;
				PRODUCT_BUNDLE_IDENTIFIER = com.aigoodbye.AIGoodbyeUITests;
				PRODUCT_NAME = "$(TARGET_NAME)";
				STRING_CATALOG_GENERATE_SYMBOLS = NO;
				SWIFT_APPROACHABLE_CONCURRENCY = YES;
				SWIFT_EMIT_LOC_STRINGS = NO;
				SWIFT_UPCOMING_FEATURE_MEMBER_IMPORT_VISIBILITY = YES;
				SWIFT_VERSION = 5.0;
				TARGETED_DEVICE_FAMILY = "1,2";
				TEST_TARGET_NAME = AIGoodbye;
			};
			name = Debug;
		};
		6A1A4E662F085D0400E51DBF /* Release */ = {
			isa = XCBuildConfiguration;
			buildSettings = {
				CODE_SIGN_STYLE = Automatic;
				CURRENT_PROJECT_VERSION = 4;
				DEVELOPMENT_TEAM = W7P6DN65A8;
				GENERATE_INFOPLIST_FILE = YES;
				MARKETING_VERSION = 2.0.0;
				PRODUCT_BUNDLE_IDENTIFIER = com.aigoodbye.AIGoodbyeUITests;
				PRODUCT_NAME = "$(TARGET_NAME)";
				STRING_CATALOG_GENERATE_SYMBOLS = NO;
				SWIFT_APPROACHABLE_CONCURRENCY = YES;
				SWIFT_EMIT_LOC_STRINGS = NO;
				SWIFT_UPCOMING_FEATURE_MEMBER_IMPORT_VISIBILITY = YES;
				SWIFT_VERSION = 5.0;
				TARGETED_DEVICE_FAMILY = "1,2";
				TEST_TARGET_NAME = AIGoodbye;
			};
			name = Release;
		};
/* End XCBuildConfiguration section */

/* Begin XCConfigurationList section */
		6A1A4E382F085D0200E51DBF /* Build configuration list for PBXProject "AIGoodbye" */ = {
			isa = XCConfigurationList;
			buildConfigurations = (
				6A1A4E5C2F085D0400E51DBF /* Debug */,
				6A1A4E5D2F085D0400E51DBF /* Release */,
			);
			defaultConfigurationIsVisible = 0;
			defaultConfigurationName = Release;
		};
		6A1A4E5E2F085D0400E51DBF /* Build configuration list for PBXNativeTarget "AIGoodbye" */ = {
			isa = XCConfigurationList;
			buildConfigurations = (
				6A1A4E5F2F085D0400E51DBF /* Debug */,
				6A1A4E602F085D0400E51DBF /* Release */,
			);
			defaultConfigurationIsVisible = 0;
			defaultConfigurationName = Release;
		};
		6A1A4E612F085D0400E51DBF /* Build configuration list for PBXNativeTarget "AIGoodbyeTests" */ = {
			isa = XCConfigurationList;
			buildConfigurations = (
				6A1A4E622F085D0400E51DBF /* Debug */,
				6A1A4E632F085D0400E51DBF /* Release */,
			);
			defaultConfigurationIsVisible = 0;
			defaultConfigurationName = Release;
		};
		6A1A4E642F085D0400E51DBF /* Build configuration list for PBXNativeTarget "AIGoodbyeUITests" */ = {
			isa = XCConfigurationList;
			buildConfigurations = (
				6A1A4E652F085D0400E51DBF /* Debug */,
				6A1A4E662F085D0400E51DBF /* Release */,
			);
			defaultConfigurationIsVisible = 0;
			defaultConfigurationName = Release;
		};
/* End XCConfigurationList section */

/* Begin XCRemoteSwiftPackageReference section */
		6AFC2E112F0B5B73004CD5AA /* XCRemoteSwiftPackageReference "LLM" */ = {
			isa = XCRemoteSwiftPackageReference;
			repositoryURL = "https://github.com/eastriverlee/LLM.swift";
			requirement = {
				kind = upToNextMajorVersion;
				minimumVersion = 2.0.0;
			};
		};
		6AMLX010F0B5B73004CD5AA /* XCRemoteSwiftPackageReference "mlx-swift" */ = {
			isa = XCRemoteSwiftPackageReference;
			repositoryURL = "https://github.com/ml-explore/mlx-swift";
			requirement = {
				kind = upToNextMajorVersion;
				minimumVersion = 0.30.3;
			};
		};
		6AMLX020F0B5B73004CD5AA /* XCRemoteSwiftPackageReference "mlx-swift-lm" */ = {
			isa = XCRemoteSwiftPackageReference;
			repositoryURL = "https://github.com/ml-explore/mlx-swift-lm";
			requirement = {
				kind = upToNextMajorVersion;
				minimumVersion = 2.30.3;
			};
		};
/* End XCRemoteSwiftPackageReference section */

/* Begin XCSwiftPackageProductDependency section */
		6AFC2E122F0B5B73004CD5AA /* LLM */ = {
			isa = XCSwiftPackageProductDependency;
			package = 6AFC2E112F0B5B73004CD5AA /* XCRemoteSwiftPackageReference "LLM" */;
			productName = LLM;
		};
		6AMLX000F0B5B73004CD5AA /* MLX */ = {
			isa = XCSwiftPackageProductDependency;
			package = 6AMLX010F0B5B73004CD5AA /* XCRemoteSwiftPackageReference "mlx-swift" */;
			productName = MLX;
		};
		6AMLX002F0B5B73004CD5AA /* MLXLLM */ = {
			isa = XCSwiftPackageProductDependency;
			package = 6AMLX020F0B5B73004CD5AA /* XCRemoteSwiftPackageReference "mlx-swift-lm" */;
			productName = MLXLLM;
		};
		6AMLX004F0B5B73004CD5AA /* MLXVLM */ = {
			isa = XCSwiftPackageProductDependency;
			package = 6AMLX020F0B5B73004CD5AA /* XCRemoteSwiftPackageReference "mlx-swift-lm" */;
			productName = MLXVLM;
		};
		6AMLX006F0B5B73004CD5AA /* MLXLMCommon */ = {
			isa = XCSwiftPackageProductDependency;
			package = 6AMLX020F0B5B73004CD5AA /* XCRemoteSwiftPackageReference "mlx-swift-lm" */;
			productName = MLXLMCommon;
		};
/* End XCSwiftPackageProductDependency section */
	};
	rootObject = 6A1A4E352F085D0200E51DBF /* Project object */;
}
